// !$*UTF8*$!
{
	archiveVersion = 1;
	classes = {
	};
	objectVersion = 46;
	objects = {

/* Begin PBXBuildFile section */
		2EFFC45162E129ECA73E8AFE /* Pods_collects_art.framework in Frameworks */ = {isa = PBXBuildFile; fileRef = 452ED41AF3B150920FCEDE01 /* Pods_collects_art.framework */; };
		652839641E9726450060CFB7 /* Main.storyboard in Resources */ = {isa = PBXBuildFile; fileRef = 652839621E9726450060CFB7 /* Main.storyboard */; };
		6528396F1E9726530060CFB7 /* EntryViewController.swift in Sources */ = {isa = PBXBuildFile; fileRef = 652839681E9726530060CFB7 /* EntryViewController.swift */; };
		652839701E9726530060CFB7 /* CollectViewController.swift in Sources */ = {isa = PBXBuildFile; fileRef = 652839691E9726530060CFB7 /* CollectViewController.swift */; };
		652839761E9737040060CFB7 /* CollectsViewController.swift in Sources */ = {isa = PBXBuildFile; fileRef = 652839741E9737040060CFB7 /* CollectsViewController.swift */; };
		652CA7C21E971A2900AA749F /* AppDelegate.swift in Sources */ = {isa = PBXBuildFile; fileRef = 652CA7C11E971A2900AA749F /* AppDelegate.swift */; };
		652CA7C91E971A2900AA749F /* Assets.xcassets in Resources */ = {isa = PBXBuildFile; fileRef = 652CA7C81E971A2900AA749F /* Assets.xcassets */; };
		652CA7CC1E971A2900AA749F /* LaunchScreen.storyboard in Resources */ = {isa = PBXBuildFile; fileRef = 652CA7CA1E971A2900AA749F /* LaunchScreen.storyboard */; };
		65489E051EA3D7A200D3B6FB /* RibbonCollectionViewController.swift in Sources */ = {isa = PBXBuildFile; fileRef = 65489E041EA3D7A200D3B6FB /* RibbonCollectionViewController.swift */; };
		659EC68F1EBFB2A800F7D86A /* CollectsAlertVisualStyle.swift in Sources */ = {isa = PBXBuildFile; fileRef = 659EC68E1EBFB2A800F7D86A /* CollectsAlertVisualStyle.swift */; };
		65BE48391EAEEECC008B0ED9 /* AboutViewController.swift in Sources */ = {isa = PBXBuildFile; fileRef = 65BE48381EAEEECC008B0ED9 /* AboutViewController.swift */; };
		65BE483B1EAEF3FD008B0ED9 /* TemplateCollectionViewController.swift in Sources */ = {isa = PBXBuildFile; fileRef = 65BE483A1EAEF3FD008B0ED9 /* TemplateCollectionViewController.swift */; };
		65C3BCBD1E9B407B0053FD76 /* GoogleService-Info.plist in Resources */ = {isa = PBXBuildFile; fileRef = 65C3BCBC1E9B407B0053FD76 /* GoogleService-Info.plist */; };
		65D5C0AD1EB1A3B700E03C40 /* about.html in Resources */ = {isa = PBXBuildFile; fileRef = 65D5C0AC1EB1A3B700E03C40 /* about.html */; };
		65FC395E1EB2AA3900FC3C29 /* images in Resources */ = {isa = PBXBuildFile; fileRef = 65FC395D1EB2AA3900FC3C29 /* images */; };
/* End PBXBuildFile section */

/* Begin PBXFileReference section */
		452ED41AF3B150920FCEDE01 /* Pods_collects_art.framework */ = {isa = PBXFileReference; explicitFileType = wrapper.framework; includeInIndex = 0; path = Pods_collects_art.framework; sourceTree = BUILT_PRODUCTS_DIR; };
		652839631E9726450060CFB7 /* Base */ = {isa = PBXFileReference; lastKnownFileType = file.storyboard; name = Base; path = Base.lproj/Main.storyboard; sourceTree = "<group>"; };
		652839681E9726530060CFB7 /* EntryViewController.swift */ = {isa = PBXFileReference; fileEncoding = 4; lastKnownFileType = sourcecode.swift; path = EntryViewController.swift; sourceTree = "<group>"; };
		652839691E9726530060CFB7 /* CollectViewController.swift */ = {isa = PBXFileReference; fileEncoding = 4; lastKnownFileType = sourcecode.swift; path = CollectViewController.swift; sourceTree = "<group>"; };
		652839741E9737040060CFB7 /* CollectsViewController.swift */ = {isa = PBXFileReference; fileEncoding = 4; lastKnownFileType = sourcecode.swift; path = CollectsViewController.swift; sourceTree = "<group>"; };
		652CA7BE1E971A2900AA749F /* collects.art.app */ = {isa = PBXFileReference; explicitFileType = wrapper.application; includeInIndex = 0; path = collects.art.app; sourceTree = BUILT_PRODUCTS_DIR; };
		652CA7C11E971A2900AA749F /* AppDelegate.swift */ = {isa = PBXFileReference; lastKnownFileType = sourcecode.swift; path = AppDelegate.swift; sourceTree = "<group>"; };
		652CA7C81E971A2900AA749F /* Assets.xcassets */ = {isa = PBXFileReference; lastKnownFileType = folder.assetcatalog; path = Assets.xcassets; sourceTree = "<group>"; };
		652CA7CB1E971A2900AA749F /* Base */ = {isa = PBXFileReference; lastKnownFileType = file.storyboard; name = Base; path = Base.lproj/LaunchScreen.storyboard; sourceTree = "<group>"; };
		652CA7CD1E971A2900AA749F /* Info.plist */ = {isa = PBXFileReference; lastKnownFileType = text.plist.xml; path = Info.plist; sourceTree = "<group>"; };
		65489E041EA3D7A200D3B6FB /* RibbonCollectionViewController.swift */ = {isa = PBXFileReference; fileEncoding = 4; lastKnownFileType = sourcecode.swift; path = RibbonCollectionViewController.swift; sourceTree = "<group>"; };
		659EC68E1EBFB2A800F7D86A /* CollectsAlertVisualStyle.swift */ = {isa = PBXFileReference; fileEncoding = 4; lastKnownFileType = sourcecode.swift; path = CollectsAlertVisualStyle.swift; sourceTree = "<group>"; };
		65BE48381EAEEECC008B0ED9 /* AboutViewController.swift */ = {isa = PBXFileReference; fileEncoding = 4; lastKnownFileType = sourcecode.swift; path = AboutViewController.swift; sourceTree = "<group>"; };
		65BE483A1EAEF3FD008B0ED9 /* TemplateCollectionViewController.swift */ = {isa = PBXFileReference; fileEncoding = 4; lastKnownFileType = sourcecode.swift; path = TemplateCollectionViewController.swift; sourceTree = "<group>"; };
		65C3BCBC1E9B407B0053FD76 /* GoogleService-Info.plist */ = {isa = PBXFileReference; fileEncoding = 4; lastKnownFileType = text.plist.xml; path = "GoogleService-Info.plist"; sourceTree = "<group>"; };
		65D5C0AC1EB1A3B700E03C40 /* about.html */ = {isa = PBXFileReference; fileEncoding = 4; lastKnownFileType = text.html; path = about.html; sourceTree = "<group>"; };
		65FC395D1EB2AA3900FC3C29 /* images */ = {isa = PBXFileReference; lastKnownFileType = folder; path = images; sourceTree = "<group>"; };
		9AD193DB63B99CA27C244499 /* Pods-collects.art.release.xcconfig */ = {isa = PBXFileReference; includeInIndex = 1; lastKnownFileType = text.xcconfig; name = "Pods-collects.art.release.xcconfig"; path = "Pods/Target Support Files/Pods-collects.art/Pods-collects.art.release.xcconfig"; sourceTree = "<group>"; };
		CAD41B532A9B89436A898E9F /* Pods-collects.art.debug.xcconfig */ = {isa = PBXFileReference; includeInIndex = 1; lastKnownFileType = text.xcconfig; name = "Pods-collects.art.debug.xcconfig"; path = "Pods/Target Support Files/Pods-collects.art/Pods-collects.art.debug.xcconfig"; sourceTree = "<group>"; };
/* End PBXFileReference section */

/* Begin PBXFrameworksBuildPhase section */
		652CA7BB1E971A2900AA749F /* Frameworks */ = {
			isa = PBXFrameworksBuildPhase;
			buildActionMask = 2147483647;
			files = (
				2EFFC45162E129ECA73E8AFE /* Pods_collects_art.framework in Frameworks */,
			);
			runOnlyForDeploymentPostprocessing = 0;
		};
/* End PBXFrameworksBuildPhase section */

/* Begin PBXGroup section */
		3F95458146BEB24F32817055 /* Frameworks */ = {
			isa = PBXGroup;
			children = (
				452ED41AF3B150920FCEDE01 /* Pods_collects_art.framework */,
			);
			name = Frameworks;
			sourceTree = "<group>";
		};
		652CA7B51E971A2900AA749F = {
			isa = PBXGroup;
			children = (
				652CA7C01E971A2900AA749F /* collects.art */,
				652CA7BF1E971A2900AA749F /* Products */,
				8FC6BEBC37C23FAE380BF708 /* Pods */,
				3F95458146BEB24F32817055 /* Frameworks */,
			);
			sourceTree = "<group>";
		};
		652CA7BF1E971A2900AA749F /* Products */ = {
			isa = PBXGroup;
			children = (
				652CA7BE1E971A2900AA749F /* collects.art.app */,
			);
			name = Products;
			sourceTree = "<group>";
		};
		652CA7C01E971A2900AA749F /* collects.art */ = {
			isa = PBXGroup;
			children = (
				652CA7C11E971A2900AA749F /* AppDelegate.swift */,
				652839741E9737040060CFB7 /* CollectsViewController.swift */,
				65BE48381EAEEECC008B0ED9 /* AboutViewController.swift */,
				65489E041EA3D7A200D3B6FB /* RibbonCollectionViewController.swift */,
				652839691E9726530060CFB7 /* CollectViewController.swift */,
				659EC68E1EBFB2A800F7D86A /* CollectsAlertVisualStyle.swift */,
				65BE483A1EAEF3FD008B0ED9 /* TemplateCollectionViewController.swift */,
				652839681E9726530060CFB7 /* EntryViewController.swift */,
				652CA7C81E971A2900AA749F /* Assets.xcassets */,
				652839621E9726450060CFB7 /* Main.storyboard */,
				652CA7CA1E971A2900AA749F /* LaunchScreen.storyboard */,
				65FC395D1EB2AA3900FC3C29 /* images */,
				65D5C0AC1EB1A3B700E03C40 /* about.html */,
				652CA7CD1E971A2900AA749F /* Info.plist */,
				65C3BCBC1E9B407B0053FD76 /* GoogleService-Info.plist */,
			);
			path = collects.art;
			sourceTree = "<group>";
		};
		8FC6BEBC37C23FAE380BF708 /* Pods */ = {
			isa = PBXGroup;
			children = (
				CAD41B532A9B89436A898E9F /* Pods-collects.art.debug.xcconfig */,
				9AD193DB63B99CA27C244499 /* Pods-collects.art.release.xcconfig */,
			);
			name = Pods;
			sourceTree = "<group>";
		};
/* End PBXGroup section */

/* Begin PBXNativeTarget section */
		652CA7BD1E971A2900AA749F /* collects.art */ = {
			isa = PBXNativeTarget;
			buildConfigurationList = 652CA7D01E971A2900AA749F /* Build configuration list for PBXNativeTarget "collects.art" */;
			buildPhases = (
				C04A7DDDED820C6CC5A5389F /* [CP] Check Pods Manifest.lock */,
				652CA7BA1E971A2900AA749F /* Sources */,
				652CA7BB1E971A2900AA749F /* Frameworks */,
				652CA7BC1E971A2900AA749F /* Resources */,
				30CD19852E710440E6D128D6 /* [CP] Embed Pods Frameworks */,
				04A7A605418D181AB585EC56 /* [CP] Copy Pods Resources */,
			);
			buildRules = (
			);
			dependencies = (
			);
			name = collects.art;
			productName = collects.art;
			productReference = 652CA7BE1E971A2900AA749F /* collects.art.app */;
			productType = "com.apple.product-type.application";
		};
/* End PBXNativeTarget section */

/* Begin PBXProject section */
		652CA7B61E971A2900AA749F /* Project object */ = {
			isa = PBXProject;
			attributes = {
				LastSwiftUpdateCheck = 0730;
				LastUpgradeCheck = 0830;
				ORGANIZATIONNAME = "Nozlee Samadzadeh and Bunny Rogers";
				TargetAttributes = {
					652CA7BD1E971A2900AA749F = {
						CreatedOnToolsVersion = 7.3.1;
						DevelopmentTeam = M96YZM7CWC;
						LastSwiftMigration = 0830;
						ProvisioningStyle = Automatic;
					};
				};
			};
			buildConfigurationList = 652CA7B91E971A2900AA749F /* Build configuration list for PBXProject "collects.art" */;
			compatibilityVersion = "Xcode 3.2";
			developmentRegion = English;
			hasScannedForEncodings = 0;
			knownRegions = (
				en,
				Base,
			);
			mainGroup = 652CA7B51E971A2900AA749F;
			productRefGroup = 652CA7BF1E971A2900AA749F /* Products */;
			projectDirPath = "";
			projectRoot = "";
			targets = (
				652CA7BD1E971A2900AA749F /* collects.art */,
			);
		};
/* End PBXProject section */

/* Begin PBXResourcesBuildPhase section */
		652CA7BC1E971A2900AA749F /* Resources */ = {
			isa = PBXResourcesBuildPhase;
			buildActionMask = 2147483647;
			files = (
				65FC395E1EB2AA3900FC3C29 /* images in Resources */,
				652839641E9726450060CFB7 /* Main.storyboard in Resources */,
				65C3BCBD1E9B407B0053FD76 /* GoogleService-Info.plist in Resources */,
				652CA7CC1E971A2900AA749F /* LaunchScreen.storyboard in Resources */,
				65D5C0AD1EB1A3B700E03C40 /* about.html in Resources */,
				652CA7C91E971A2900AA749F /* Assets.xcassets in Resources */,
			);
			runOnlyForDeploymentPostprocessing = 0;
		};
/* End PBXResourcesBuildPhase section */

/* Begin PBXShellScriptBuildPhase section */
		04A7A605418D181AB585EC56 /* [CP] Copy Pods Resources */ = {
			isa = PBXShellScriptBuildPhase;
			buildActionMask = 2147483647;
			files = (
			);
			inputPaths = (
			);
			name = "[CP] Copy Pods Resources";
			outputPaths = (
			);
			runOnlyForDeploymentPostprocessing = 0;
			shellPath = /bin/sh;
			shellScript = "\"${SRCROOT}/Pods/Target Support Files/Pods-collects.art/Pods-collects.art-resources.sh\"\n";
			showEnvVarsInLog = 0;
		};
		30CD19852E710440E6D128D6 /* [CP] Embed Pods Frameworks */ = {
			isa = PBXShellScriptBuildPhase;
			buildActionMask = 2147483647;
			files = (
			);
			inputPaths = (
			);
			name = "[CP] Embed Pods Frameworks";
			outputPaths = (
			);
			runOnlyForDeploymentPostprocessing = 0;
			shellPath = /bin/sh;
			shellScript = "\"${SRCROOT}/Pods/Target Support Files/Pods-collects.art/Pods-collects.art-frameworks.sh\"\n";
			showEnvVarsInLog = 0;
		};
		C04A7DDDED820C6CC5A5389F /* [CP] Check Pods Manifest.lock */ = {
			isa = PBXShellScriptBuildPhase;
			buildActionMask = 2147483647;
			files = (
			);
			inputPaths = (
			);
			name = "[CP] Check Pods Manifest.lock";
			outputPaths = (
			);
			runOnlyForDeploymentPostprocessing = 0;
			shellPath = /bin/sh;
			shellScript = "diff \"${PODS_ROOT}/../Podfile.lock\" \"${PODS_ROOT}/Manifest.lock\" > /dev/null\nif [ $? != 0 ] ; then\n    # print error to STDERR\n    echo \"error: The sandbox is not in sync with the Podfile.lock. Run 'pod install' or update your CocoaPods installation.\" >&2\n    exit 1\nfi\n";
			showEnvVarsInLog = 0;
		};
/* End PBXShellScriptBuildPhase section */

/* Begin PBXSourcesBuildPhase section */
		652CA7BA1E971A2900AA749F /* Sources */ = {
			isa = PBXSourcesBuildPhase;
			buildActionMask = 2147483647;
			files = (
				659EC68F1EBFB2A800F7D86A /* CollectsAlertVisualStyle.swift in Sources */,
				65BE48391EAEEECC008B0ED9 /* AboutViewController.swift in Sources */,
				652839701E9726530060CFB7 /* CollectViewController.swift in Sources */,
				652839761E9737040060CFB7 /* CollectsViewController.swift in Sources */,
				65489E051EA3D7A200D3B6FB /* RibbonCollectionViewController.swift in Sources */,
				65BE483B1EAEF3FD008B0ED9 /* TemplateCollectionViewController.swift in Sources */,
				6528396F1E9726530060CFB7 /* EntryViewController.swift in Sources */,
				652CA7C21E971A2900AA749F /* AppDelegate.swift in Sources */,
			);
			runOnlyForDeploymentPostprocessing = 0;
		};
/* End PBXSourcesBuildPhase section */

/* Begin PBXVariantGroup section */
		652839621E9726450060CFB7 /* Main.storyboard */ = {
			isa = PBXVariantGroup;
			children = (
				652839631E9726450060CFB7 /* Base */,
			);
			name = Main.storyboard;
			sourceTree = "<group>";
		};
		652CA7CA1E971A2900AA749F /* LaunchScreen.storyboard */ = {
			isa = PBXVariantGroup;
			children = (
				652CA7CB1E971A2900AA749F /* Base */,
			);
			name = LaunchScreen.storyboard;
			sourceTree = "<group>";
		};
/* End PBXVariantGroup section */

/* Begin XCBuildConfiguration section */
		652CA7CE1E971A2900AA749F /* Debug */ = {
			isa = XCBuildConfiguration;
			buildSettings = {
				ALWAYS_SEARCH_USER_PATHS = NO;
				CLANG_ANALYZER_NONNULL = YES;
				CLANG_CXX_LANGUAGE_STANDARD = "gnu++0x";
				CLANG_CXX_LIBRARY = "libc++";
				CLANG_ENABLE_MODULES = YES;
				CLANG_ENABLE_OBJC_ARC = YES;
				CLANG_WARN_BOOL_CONVERSION = YES;
				CLANG_WARN_CONSTANT_CONVERSION = YES;
				CLANG_WARN_DIRECT_OBJC_ISA_USAGE = YES_ERROR;
				CLANG_WARN_EMPTY_BODY = YES;
				CLANG_WARN_ENUM_CONVERSION = YES;
				CLANG_WARN_INFINITE_RECURSION = YES;
				CLANG_WARN_INT_CONVERSION = YES;
				CLANG_WARN_OBJC_ROOT_CLASS = YES_ERROR;
				CLANG_WARN_SUSPICIOUS_MOVE = YES;
				CLANG_WARN_UNREACHABLE_CODE = YES;
				CLANG_WARN__DUPLICATE_METHOD_MATCH = YES;
				"CODE_SIGN_IDENTITY[sdk=iphoneos*]" = "iPhone Developer";
				COPY_PHASE_STRIP = NO;
				DEBUG_INFORMATION_FORMAT = dwarf;
				ENABLE_STRICT_OBJC_MSGSEND = YES;
				ENABLE_TESTABILITY = YES;
				GCC_C_LANGUAGE_STANDARD = gnu99;
				GCC_DYNAMIC_NO_PIC = NO;
				GCC_NO_COMMON_BLOCKS = YES;
				GCC_OPTIMIZATION_LEVEL = 0;
				GCC_PREPROCESSOR_DEFINITIONS = (
					"DEBUG=1",
					"$(inherited)",
				);
				GCC_WARN_64_TO_32_BIT_CONVERSION = YES;
				GCC_WARN_ABOUT_RETURN_TYPE = YES_ERROR;
				GCC_WARN_UNDECLARED_SELECTOR = YES;
				GCC_WARN_UNINITIALIZED_AUTOS = YES_AGGRESSIVE;
				GCC_WARN_UNUSED_FUNCTION = YES;
				GCC_WARN_UNUSED_VARIABLE = YES;
				IPHONEOS_DEPLOYMENT_TARGET = 9.3;
				MTL_ENABLE_DEBUG_INFO = YES;
				ONLY_ACTIVE_ARCH = YES;
				SDKROOT = iphoneos;
				SWIFT_OPTIMIZATION_LEVEL = "-Onone";
			};
			name = Debug;
		};
		652CA7CF1E971A2900AA749F /* Release */ = {
			isa = XCBuildConfiguration;
			buildSettings = {
				ALWAYS_SEARCH_USER_PATHS = NO;
				CLANG_ANALYZER_NONNULL = YES;
				CLANG_CXX_LANGUAGE_STANDARD = "gnu++0x";
				CLANG_CXX_LIBRARY = "libc++";
				CLANG_ENABLE_MODULES = YES;
				CLANG_ENABLE_OBJC_ARC = YES;
				CLANG_WARN_BOOL_CONVERSION = YES;
				CLANG_WARN_CONSTANT_CONVERSION = YES;
				CLANG_WARN_DIRECT_OBJC_ISA_USAGE = YES_ERROR;
				CLANG_WARN_EMPTY_BODY = YES;
				CLANG_WARN_ENUM_CONVERSION = YES;
				CLANG_WARN_INFINITE_RECURSION = YES;
				CLANG_WARN_INT_CONVERSION = YES;
				CLANG_WARN_OBJC_ROOT_CLASS = YES_ERROR;
				CLANG_WARN_SUSPICIOUS_MOVE = YES;
				CLANG_WARN_UNREACHABLE_CODE = YES;
				CLANG_WARN__DUPLICATE_METHOD_MATCH = YES;
				"CODE_SIGN_IDENTITY[sdk=iphoneos*]" = "iPhone Developer";
				COPY_PHASE_STRIP = NO;
				DEBUG_INFORMATION_FORMAT = "dwarf-with-dsym";
				ENABLE_NS_ASSERTIONS = NO;
				ENABLE_STRICT_OBJC_MSGSEND = YES;
				GCC_C_LANGUAGE_STANDARD = gnu99;
				GCC_NO_COMMON_BLOCKS = YES;
				GCC_WARN_64_TO_32_BIT_CONVERSION = YES;
				GCC_WARN_ABOUT_RETURN_TYPE = YES_ERROR;
				GCC_WARN_UNDECLARED_SELECTOR = YES;
				GCC_WARN_UNINITIALIZED_AUTOS = YES_AGGRESSIVE;
				GCC_WARN_UNUSED_FUNCTION = YES;
				GCC_WARN_UNUSED_VARIABLE = YES;
				IPHONEOS_DEPLOYMENT_TARGET = 9.3;
				MTL_ENABLE_DEBUG_INFO = NO;
				SDKROOT = iphoneos;
				SWIFT_OPTIMIZATION_LEVEL = "-Owholemodule";
				VALIDATE_PRODUCT = YES;
			};
			name = Release;
		};
		652CA7D11E971A2900AA749F /* Debug */ = {
			isa = XCBuildConfiguration;
			baseConfigurationReference = CAD41B532A9B89436A898E9F /* Pods-collects.art.debug.xcconfig */;
			buildSettings = {
				ALWAYS_EMBED_SWIFT_STANDARD_LIBRARIES = NO;
				ASSETCATALOG_COMPILER_APPICON_NAME = AppIcon;
				CODE_SIGN_IDENTITY = "iPhone Distribution";
				"CODE_SIGN_IDENTITY[sdk=iphoneos*]" = "iPhone Developer";
				DEVELOPMENT_TEAM = "";
				INFOPLIST_FILE = collects.art/Info.plist;
				IPHONEOS_DEPLOYMENT_TARGET = 9.0;
				LD_RUNPATH_SEARCH_PATHS = "$(inherited) @executable_path/Frameworks";
				PRODUCT_BUNDLE_IDENTIFIER = art.collects.collects;
				PRODUCT_NAME = "$(TARGET_NAME)";
				PROVISIONING_PROFILE = "";
				PROVISIONING_PROFILE_SPECIFIER = "";
				SWIFT_VERSION = 3.0;
				TARGETED_DEVICE_FAMILY = "1,2";
			};
			name = Debug;
		};
		652CA7D21E971A2900AA749F /* Release */ = {
			isa = XCBuildConfiguration;
			baseConfigurationReference = 9AD193DB63B99CA27C244499 /* Pods-collects.art.release.xcconfig */;
			buildSettings = {
				ALWAYS_EMBED_SWIFT_STANDARD_LIBRARIES = NO;
				ASSETCATALOG_COMPILER_APPICON_NAME = AppIcon;
				CODE_SIGN_IDENTITY = "iPhone Distribution";
				"CODE_SIGN_IDENTITY[sdk=iphoneos*]" = "iPhone Developer";
				DEVELOPMENT_TEAM = "";
				INFOPLIST_FILE = collects.art/Info.plist;
				IPHONEOS_DEPLOYMENT_TARGET = 9.0;
				LD_RUNPATH_SEARCH_PATHS = "$(inherited) @executable_path/Frameworks";
				PRODUCT_BUNDLE_IDENTIFIER = art.collects.collects;
				PRODUCT_NAME = "$(TARGET_NAME)";
				PROVISIONING_PROFILE = "";
				PROVISIONING_PROFILE_SPECIFIER = "";
				SWIFT_VERSION = 3.0;
				TARGETED_DEVICE_FAMILY = "1,2";
			};
			name = Release;
		};
/* End XCBuildConfiguration section */

/* Begin XCConfigurationList section */
		652CA7B91E971A2900AA749F /* Build configuration list for PBXProject "collects.art" */ = {
			isa = XCConfigurationList;
			buildConfigurations = (
				652CA7CE1E971A2900AA749F /* Debug */,
				652CA7CF1E971A2900AA749F /* Release */,
			);
			defaultConfigurationIsVisible = 0;
			defaultConfigurationName = Release;
		};
		652CA7D01E971A2900AA749F /* Build configuration list for PBXNativeTarget "collects.art" */ = {
			isa = XCConfigurationList;
			buildConfigurations = (
				652CA7D11E971A2900AA749F /* Debug */,
				652CA7D21E971A2900AA749F /* Release */,
			);
			defaultConfigurationIsVisible = 0;
			defaultConfigurationName = Release;
		};
/* End XCConfigurationList section */
	};
	rootObject = 652CA7B61E971A2900AA749F /* Project object */;
}
